
Microsoft Visual Studio Solution File, Format Version 12.00
# Visual Studio Version 16
VisualStudioVersion = 16.0.29613.14
MinimumVisualStudioVersion = 10.0.40219.1
Project("{FAE04EC0-301F-11D3-BF4B-00C04F79EFBC}") = "QuestionEditAndPreset", "QuestionEditAndPreset\QuestionEditAndPreset.csproj", "{A3B94B8A-3374-4949-96C5-C209834AE316}"
EndProject
Project("{FAE04EC0-301F-11D3-BF4B-00C04F79EFBC}") = "DataUpdaterGameQuestions", "DataUpdaterGameQuestions\DataUpdaterGameQuestions.csproj", "{5CE0FF63-D7DB-4BD8-997B-70B9FBA45198}"
EndProject
Global
	GlobalSection(SolutionConfigurationPlatforms) = preSolution
		Debug|Any CPU = Debug|Any CPU
		Release|Any CPU = Release|Any CPU
	EndGlobalSection
	GlobalSection(ProjectConfigurationPlatforms) = postSolution
		{A3B94B8A-3374-4949-96C5-C209834AE316}.Debug|Any CPU.ActiveCfg = Debug|Any CPU
		{A3B94B8A-3374-4949-96C5-C209834AE316}.Debug|Any CPU.Build.0 = Debug|Any CPU
		{A3B94B8A-3374-4949-96C5-C209834AE316}.Debug|Any CPU.Deploy.0 = Debug|Any CPU
		{A3B94B8A-3374-4949-96C5-C209834AE316}.Release|Any CPU.ActiveCfg = Release|Any CPU
		{A3B94B8A-3374-4949-96C5-C209834AE316}.Release|Any CPU.Build.0 = Release|Any CPU
		{5CE0FF63-D7DB-4BD8-997B-70B9FBA45198}.Debug|Any CPU.ActiveCfg = Debug|Any CPU
		{5CE0FF63-D7DB-4BD8-997B-70B9FBA45198}.Debug|Any CPU.Build.0 = Debug|Any CPU
		{5CE0FF63-D7DB-4BD8-997B-70B9FBA45198}.Release|Any CPU.ActiveCfg = Release|Any CPU
		{5CE0FF63-D7DB-4BD8-997B-70B9FBA45198}.Release|Any CPU.Build.0 = Release|Any CPU
	EndGlobalSection
	GlobalSection(SolutionProperties) = preSolution
		HideSolutionNode = FALSE
	EndGlobalSection
	GlobalSection(ExtensibilityGlobals) = postSolution
		SolutionGuid = {1427FD45-B0F2-42AB-85C5-D6EF230A359E}
	EndGlobalSection
EndGlobal
